Microsoft Visual Studio Solution File, Format Version 11.00
# Visual Studio 2008

Project("{03FD8D6C-801D-A1D1-8F70-BE613ADCEA09}") = "You're_Coming_With_Me", "Assembly-CSharp.csproj", "{91B79AAC-FD2D-1F22-A329-598653AA5A44}"
EndProject
Global
	GlobalSection(SolutionConfigurationPlatforms) = preSolution
		Debug|Any CPU = Debug|Any CPU
		Release|Any CPU = Release|Any CPU
	EndGlobalSection
	GlobalSection(ProjectConfigurationPlatforms) = postSolution
		{91B79AAC-FD2D-1F22-A329-598653AA5A44}.Debug|Any CPU.ActiveCfg = Debug|Any CPU
		{91B79AAC-FD2D-1F22-A329-598653AA5A44}.Debug|Any CPU.Build.0 = Debug|Any CPU
		{91B79AAC-FD2D-1F22-A329-598653AA5A44}.Release|Any CPU.ActiveCfg = Release|Any CPU
		{91B79AAC-FD2D-1F22-A329-598653AA5A44}.Release|Any CPU.Build.0 = Release|Any CPU
	EndGlobalSection
	GlobalSection(SolutionProperties) = preSolution
		HideSolutionNode = FALSE
	EndGlobalSection
	GlobalSection(MonoDevelopProperties) = preSolution
		StartupItem = Assembly-CSharp.csproj
	EndGlobalSection
EndGlobal
